
Microsoft Visual Studio Solution File, Format Version 12.00
# Visual Studio 14
VisualStudioVersion = 14.0.25420.1
MinimumVisualStudioVersion = 10.0.40219.1
Project("{FAE04EC0-301F-11D3-BF4B-00C04F79EFBC}") = "Vreugdenhil_prototype_7", "Vreugdenhil prototype 7\Vreugdenhil_prototype_7\Vreugdenhil_prototype_7.csproj", "{C19C3FB0-C9A8-47A7-A5CD-D755E3487B9C}"
EndProject
Project("{FAE04EC0-301F-11D3-BF4B-00C04F79EFBC}") = "Vreugdenhil_prototype_7.Droid", "Vreugdenhil prototype 7\Vreugdenhil_prototype_7.Droid\Vreugdenhil_prototype_7.Droid.csproj", "{738A2715-4B65-4471-BD07-ACD4052F0E8A}"
EndProject
Project("{FAE04EC0-301F-11D3-BF4B-00C04F79EFBC}") = "Vreugdenhil_prototype_7.iOS", "Vreugdenhil prototype 7\Vreugdenhil_prototype_7.iOS\Vreugdenhil_prototype_7.iOS.csproj", "{A95B6B42-7752-4A1A-8680-A5B401514221}"
EndProject
Project("{FAE04EC0-301F-11D3-BF4B-00C04F79EFBC}") = "Vreugdenhil_prototype_7.WinPhone", "Vreugdenhil prototype 7\Vreugdenhil_prototype_7.WinPhone\Vreugdenhil_prototype_7.WinPhone.csproj", "{0123802A-1B94-4B45-9696-8A50BFA38F2F}"
EndProject
Project("{FAE04EC0-301F-11D3-BF4B-00C04F79EFBC}") = "Vreugdenhil_prototype_7.UWP", "Vreugdenhil prototype 7\Vreugdenhil_prototype_7.UWP\Vreugdenhil_prototype_7.UWP.csproj", "{E1EA22C6-9295-40CA-A8DE-258BB9717F4A}"
EndProject
Project("{FAE04EC0-301F-11D3-BF4B-00C04F79EFBC}") = "Vreugdenhil_prototype_7.Windows", "Vreugdenhil prototype 7\Vreugdenhil_prototype_7.Windows\Vreugdenhil_prototype_7.Windows.csproj", "{E65A8B9E-DDC2-4412-9D90-D9D69655F326}"
EndProject
Global
	GlobalSection(SolutionConfigurationPlatforms) = preSolution
		Ad-Hoc|Any CPU = Ad-Hoc|Any CPU
		Ad-Hoc|ARM = Ad-Hoc|ARM
		Ad-Hoc|iPhone = Ad-Hoc|iPhone
		Ad-Hoc|iPhoneSimulator = Ad-Hoc|iPhoneSimulator
		Ad-Hoc|x64 = Ad-Hoc|x64
		Ad-Hoc|x86 = Ad-Hoc|x86
		AppStore|Any CPU = AppStore|Any CPU
		AppStore|ARM = AppStore|ARM
		AppStore|iPhone = AppStore|iPhone
		AppStore|iPhoneSimulator = AppStore|iPhoneSimulator
		AppStore|x64 = AppStore|x64
		AppStore|x86 = AppStore|x86
		Debug|Any CPU = Debug|Any CPU
		Debug|ARM = Debug|ARM
		Debug|iPhone = Debug|iPhone
		Debug|iPhoneSimulator = Debug|iPhoneSimulator
		Debug|x64 = Debug|x64
		Debug|x86 = Debug|x86
		Release|Any CPU = Release|Any CPU
		Release|ARM = Release|ARM
		Release|iPhone = Release|iPhone
		Release|iPhoneSimulator = Release|iPhoneSimulator
		Release|x64 = Release|x64
		Release|x86 = Release|x86
	EndGlobalSection
	GlobalSection(ProjectConfigurationPlatforms) = postSolution
		{C19C3FB0-C9A8-47A7-A5CD-D755E3487B9C}.Ad-Hoc|Any CPU.ActiveCfg = Release|Any CPU
		{C19C3FB0-C9A8-47A7-A5CD-D755E3487B9C}.Ad-Hoc|Any CPU.Build.0 = Release|Any CPU
		{C19C3FB0-C9A8-47A7-A5CD-D755E3487B9C}.Ad-Hoc|ARM.ActiveCfg = Release|Any CPU
		{C19C3FB0-C9A8-47A7-A5CD-D755E3487B9C}.Ad-Hoc|ARM.Build.0 = Release|Any CPU
		{C19C3FB0-C9A8-47A7-A5CD-D755E3487B9C}.Ad-Hoc|iPhone.ActiveCfg = Release|Any CPU
		{C19C3FB0-C9A8-47A7-A5CD-D755E3487B9C}.Ad-Hoc|iPhone.Build.0 = Release|Any CPU
		{C19C3FB0-C9A8-47A7-A5CD-D755E3487B9C}.Ad-Hoc|iPhoneSimulator.ActiveCfg = Release|Any CPU
		{C19C3FB0-C9A8-47A7-A5CD-D755E3487B9C}.Ad-Hoc|iPhoneSimulator.Build.0 = Release|Any CPU
		{C19C3FB0-C9A8-47A7-A5CD-D755E3487B9C}.Ad-Hoc|x64.ActiveCfg = Release|Any CPU
		{C19C3FB0-C9A8-47A7-A5CD-D755E3487B9C}.Ad-Hoc|x64.Build.0 = Release|Any CPU
		{C19C3FB0-C9A8-47A7-A5CD-D755E3487B9C}.Ad-Hoc|x86.ActiveCfg = Release|Any CPU
		{C19C3FB0-C9A8-47A7-A5CD-D755E3487B9C}.Ad-Hoc|x86.Build.0 = Release|Any CPU
		{C19C3FB0-C9A8-47A7-A5CD-D755E3487B9C}.AppStore|Any CPU.ActiveCfg = Release|Any CPU
		{C19C3FB0-C9A8-47A7-A5CD-D755E3487B9C}.AppStore|Any CPU.Build.0 = Release|Any CPU
		{C19C3FB0-C9A8-47A7-A5CD-D755E3487B9C}.AppStore|ARM.ActiveCfg = Release|Any CPU
		{C19C3FB0-C9A8-47A7-A5CD-D755E3487B9C}.AppStore|ARM.Build.0 = Release|Any CPU
		{C19C3FB0-C9A8-47A7-A5CD-D755E3487B9C}.AppStore|iPhone.ActiveCfg = Release|Any CPU
		{C19C3FB0-C9A8-47A7-A5CD-D755E3487B9C}.AppStore|iPhone.Build.0 = Release|Any CPU
		{C19C3FB0-C9A8-47A7-A5CD-D755E3487B9C}.AppStore|iPhoneSimulator.ActiveCfg = Release|Any CPU
		{C19C3FB0-C9A8-47A7-A5CD-D755E3487B9C}.AppStore|iPhoneSimulator.Build.0 = Release|Any CPU
		{C19C3FB0-C9A8-47A7-A5CD-D755E3487B9C}.AppStore|x64.ActiveCfg = Release|Any CPU
		{C19C3FB0-C9A8-47A7-A5CD-D755E3487B9C}.AppStore|x64.Build.0 = Release|Any CPU
		{C19C3FB0-C9A8-47A7-A5CD-D755E3487B9C}.AppStore|x86.ActiveCfg = Release|Any CPU
		{C19C3FB0-C9A8-47A7-A5CD-D755E3487B9C}.AppStore|x86.Build.0 = Release|Any CPU
		{C19C3FB0-C9A8-47A7-A5CD-D755E3487B9C}.Debug|Any CPU.ActiveCfg = Debug|Any CPU
		{C19C3FB0-C9A8-47A7-A5CD-D755E3487B9C}.Debug|Any CPU.Build.0 = Debug|Any CPU
		{C19C3FB0-C9A8-47A7-A5CD-D755E3487B9C}.Debug|ARM.ActiveCfg = Debug|Any CPU
		{C19C3FB0-C9A8-47A7-A5CD-D755E3487B9C}.Debug|ARM.Build.0 = Debug|Any CPU
		{C19C3FB0-C9A8-47A7-A5CD-D755E3487B9C}.Debug|iPhone.ActiveCfg = Debug|Any CPU
		{C19C3FB0-C9A8-47A7-A5CD-D755E3487B9C}.Debug|iPhone.Build.0 = Debug|Any CPU
		{C19C3FB0-C9A8-47A7-A5CD-D755E3487B9C}.Debug|iPhoneSimulator.ActiveCfg = Debug|Any CPU
		{C19C3FB0-C9A8-47A7-A5CD-D755E3487B9C}.Debug|iPhoneSimulator.Build.0 = Debug|Any CPU
		{C19C3FB0-C9A8-47A7-A5CD-D755E3487B9C}.Debug|x64.ActiveCfg = Debug|Any CPU
		{C19C3FB0-C9A8-47A7-A5CD-D755E3487B9C}.Debug|x64.Build.0 = Debug|Any CPU
		{C19C3FB0-C9A8-47A7-A5CD-D755E3487B9C}.Debug|x86.ActiveCfg = Debug|Any CPU
		{C19C3FB0-C9A8-47A7-A5CD-D755E3487B9C}.Debug|x86.Build.0 = Debug|Any CPU
		{C19C3FB0-C9A8-47A7-A5CD-D755E3487B9C}.Release|Any CPU.ActiveCfg = Release|Any CPU
		{C19C3FB0-C9A8-47A7-A5CD-D755E3487B9C}.Release|Any CPU.Build.0 = Release|Any CPU
		{C19C3FB0-C9A8-47A7-A5CD-D755E3487B9C}.Release|ARM.ActiveCfg = Release|Any CPU
		{C19C3FB0-C9A8-47A7-A5CD-D755E3487B9C}.Release|ARM.Build.0 = Release|Any CPU
		{C19C3FB0-C9A8-47A7-A5CD-D755E3487B9C}.Release|iPhone.ActiveCfg = Release|Any CPU
		{C19C3FB0-C9A8-47A7-A5CD-D755E3487B9C}.Release|iPhone.Build.0 = Release|Any CPU
		{C19C3FB0-C9A8-47A7-A5CD-D755E3487B9C}.Release|iPhoneSimulator.ActiveCfg = Release|Any CPU
		{C19C3FB0-C9A8-47A7-A5CD-D755E3487B9C}.Release|iPhoneSimulator.Build.0 = Release|Any CPU
		{C19C3FB0-C9A8-47A7-A5CD-D755E3487B9C}.Release|x64.ActiveCfg = Release|Any CPU
		{C19C3FB0-C9A8-47A7-A5CD-D755E3487B9C}.Release|x64.Build.0 = Release|Any CPU
		{C19C3FB0-C9A8-47A7-A5CD-D755E3487B9C}.Release|x86.ActiveCfg = Release|Any CPU
		{C19C3FB0-C9A8-47A7-A5CD-D755E3487B9C}.Release|x86.Build.0 = Release|Any CPU
		{738A2715-4B65-4471-BD07-ACD4052F0E8A}.Ad-Hoc|Any CPU.ActiveCfg = Release|Any CPU
		{738A2715-4B65-4471-BD07-ACD4052F0E8A}.Ad-Hoc|Any CPU.Build.0 = Release|Any CPU
		{738A2715-4B65-4471-BD07-ACD4052F0E8A}.Ad-Hoc|Any CPU.Deploy.0 = Release|Any CPU
		{738A2715-4B65-4471-BD07-ACD4052F0E8A}.Ad-Hoc|ARM.ActiveCfg = Release|Any CPU
		{738A2715-4B65-4471-BD07-ACD4052F0E8A}.Ad-Hoc|ARM.Build.0 = Release|Any CPU
		{738A2715-4B65-4471-BD07-ACD4052F0E8A}.Ad-Hoc|ARM.Deploy.0 = Release|Any CPU
		{738A2715-4B65-4471-BD07-ACD4052F0E8A}.Ad-Hoc|iPhone.ActiveCfg = Release|Any CPU
		{738A2715-4B65-4471-BD07-ACD4052F0E8A}.Ad-Hoc|iPhone.Build.0 = Release|Any CPU
		{738A2715-4B65-4471-BD07-ACD4052F0E8A}.Ad-Hoc|iPhone.Deploy.0 = Release|Any CPU
		{738A2715-4B65-4471-BD07-ACD4052F0E8A}.Ad-Hoc|iPhoneSimulator.ActiveCfg = Release|Any CPU
		{738A2715-4B65-4471-BD07-ACD4052F0E8A}.Ad-Hoc|iPhoneSimulator.Build.0 = Release|Any CPU
		{738A2715-4B65-4471-BD07-ACD4052F0E8A}.Ad-Hoc|iPhoneSimulator.Deploy.0 = Release|Any CPU
		{738A2715-4B65-4471-BD07-ACD4052F0E8A}.Ad-Hoc|x64.ActiveCfg = Release|Any CPU
		{738A2715-4B65-4471-BD07-ACD4052F0E8A}.Ad-Hoc|x64.Build.0 = Release|Any CPU
		{738A2715-4B65-4471-BD07-ACD4052F0E8A}.Ad-Hoc|x64.Deploy.0 = Release|Any CPU
		{738A2715-4B65-4471-BD07-ACD4052F0E8A}.Ad-Hoc|x86.ActiveCfg = Release|Any CPU
		{738A2715-4B65-4471-BD07-ACD4052F0E8A}.Ad-Hoc|x86.Build.0 = Release|Any CPU
		{738A2715-4B65-4471-BD07-ACD4052F0E8A}.Ad-Hoc|x86.Deploy.0 = Release|Any CPU
		{738A2715-4B65-4471-BD07-ACD4052F0E8A}.AppStore|Any CPU.ActiveCfg = Release|Any CPU
		{738A2715-4B65-4471-BD07-ACD4052F0E8A}.AppStore|Any CPU.Build.0 = Release|Any CPU
		{738A2715-4B65-4471-BD07-ACD4052F0E8A}.AppStore|Any CPU.Deploy.0 = Release|Any CPU
		{738A2715-4B65-4471-BD07-ACD4052F0E8A}.AppStore|ARM.ActiveCfg = Release|Any CPU
		{738A2715-4B65-4471-BD07-ACD4052F0E8A}.AppStore|ARM.Build.0 = Release|Any CPU
		{738A2715-4B65-4471-BD07-ACD4052F0E8A}.AppStore|ARM.Deploy.0 = Release|Any CPU
		{738A2715-4B65-4471-BD07-ACD4052F0E8A}.AppStore|iPhone.ActiveCfg = Release|Any CPU
		{738A2715-4B65-4471-BD07-ACD4052F0E8A}.AppStore|iPhone.Build.0 = Release|Any CPU
		{738A2715-4B65-4471-BD07-ACD4052F0E8A}.AppStore|iPhone.Deploy.0 = Release|Any CPU
		{738A2715-4B65-4471-BD07-ACD4052F0E8A}.AppStore|iPhoneSimulator.ActiveCfg = Release|Any CPU
		{738A2715-4B65-4471-BD07-ACD4052F0E8A}.AppStore|iPhoneSimulator.Build.0 = Release|Any CPU
		{738A2715-4B65-4471-BD07-ACD4052F0E8A}.AppStore|iPhoneSimulator.Deploy.0 = Release|Any CPU
		{738A2715-4B65-4471-BD07-ACD4052F0E8A}.AppStore|x64.ActiveCfg = Release|Any CPU
		{738A2715-4B65-4471-BD07-ACD4052F0E8A}.AppStore|x64.Build.0 = Release|Any CPU
		{738A2715-4B65-4471-BD07-ACD4052F0E8A}.AppStore|x64.Deploy.0 = Release|Any CPU
		{738A2715-4B65-4471-BD07-ACD4052F0E8A}.AppStore|x86.ActiveCfg = Release|Any CPU
		{738A2715-4B65-4471-BD07-ACD4052F0E8A}.AppStore|x86.Build.0 = Release|Any CPU
		{738A2715-4B65-4471-BD07-ACD4052F0E8A}.AppStore|x86.Deploy.0 = Release|Any CPU
		{738A2715-4B65-4471-BD07-ACD4052F0E8A}.Debug|Any CPU.ActiveCfg = Debug|Any CPU
		{738A2715-4B65-4471-BD07-ACD4052F0E8A}.Debug|Any CPU.Build.0 = Debug|Any CPU
		{738A2715-4B65-4471-BD07-ACD4052F0E8A}.Debug|Any CPU.Deploy.0 = Debug|Any CPU
		{738A2715-4B65-4471-BD07-ACD4052F0E8A}.Debug|ARM.ActiveCfg = Debug|Any CPU
		{738A2715-4B65-4471-BD07-ACD4052F0E8A}.Debug|ARM.Build.0 = Debug|Any CPU
		{738A2715-4B65-4471-BD07-ACD4052F0E8A}.Debug|ARM.Deploy.0 = Debug|Any CPU
		{738A2715-4B65-4471-BD07-ACD4052F0E8A}.Debug|iPhone.ActiveCfg = Debug|Any CPU
		{738A2715-4B65-4471-BD07-ACD4052F0E8A}.Debug|iPhone.Build.0 = Debug|Any CPU
		{738A2715-4B65-4471-BD07-ACD4052F0E8A}.Debug|iPhone.Deploy.0 = Debug|Any CPU
		{738A2715-4B65-4471-BD07-ACD4052F0E8A}.Debug|iPhoneSimulator.ActiveCfg = Debug|Any CPU
		{738A2715-4B65-4471-BD07-ACD4052F0E8A}.Debug|iPhoneSimulator.Build.0 = Debug|Any CPU
		{738A2715-4B65-4471-BD07-ACD4052F0E8A}.Debug|iPhoneSimulator.Deploy.0 = Debug|Any CPU
		{738A2715-4B65-4471-BD07-ACD4052F0E8A}.Debug|x64.ActiveCfg = Debug|Any CPU
		{738A2715-4B65-4471-BD07-ACD4052F0E8A}.Debug|x64.Build.0 = Debug|Any CPU
		{738A2715-4B65-4471-BD07-ACD4052F0E8A}.Debug|x64.Deploy.0 = Debug|Any CPU
		{738A2715-4B65-4471-BD07-ACD4052F0E8A}.Debug|x86.ActiveCfg = Debug|Any CPU
		{738A2715-4B65-4471-BD07-ACD4052F0E8A}.Debug|x86.Build.0 = Debug|Any CPU
		{738A2715-4B65-4471-BD07-ACD4052F0E8A}.Debug|x86.Deploy.0 = Debug|Any CPU
		{738A2715-4B65-4471-BD07-ACD4052F0E8A}.Release|Any CPU.ActiveCfg = Release|Any CPU
		{738A2715-4B65-4471-BD07-ACD4052F0E8A}.Release|Any CPU.Build.0 = Release|Any CPU
		{738A2715-4B65-4471-BD07-ACD4052F0E8A}.Release|Any CPU.Deploy.0 = Release|Any CPU
		{738A2715-4B65-4471-BD07-ACD4052F0E8A}.Release|ARM.ActiveCfg = Release|Any CPU
		{738A2715-4B65-4471-BD07-ACD4052F0E8A}.Release|ARM.Build.0 = Release|Any CPU
		{738A2715-4B65-4471-BD07-ACD4052F0E8A}.Release|ARM.Deploy.0 = Release|Any CPU
		{738A2715-4B65-4471-BD07-ACD4052F0E8A}.Release|iPhone.ActiveCfg = Release|Any CPU
		{738A2715-4B65-4471-BD07-ACD4052F0E8A}.Release|iPhone.Build.0 = Release|Any CPU
		{738A2715-4B65-4471-BD07-ACD4052F0E8A}.Release|iPhone.Deploy.0 = Release|Any CPU
		{738A2715-4B65-4471-BD07-ACD4052F0E8A}.Release|iPhoneSimulator.ActiveCfg = Release|Any CPU
		{738A2715-4B65-4471-BD07-ACD4052F0E8A}.Release|iPhoneSimulator.Build.0 = Release|Any CPU
		{738A2715-4B65-4471-BD07-ACD4052F0E8A}.Release|iPhoneSimulator.Deploy.0 = Release|Any CPU
		{738A2715-4B65-4471-BD07-ACD4052F0E8A}.Release|x64.ActiveCfg = Release|Any CPU
		{738A2715-4B65-4471-BD07-ACD4052F0E8A}.Release|x64.Build.0 = Release|Any CPU
		{738A2715-4B65-4471-BD07-ACD4052F0E8A}.Release|x64.Deploy.0 = Release|Any CPU
		{738A2715-4B65-4471-BD07-ACD4052F0E8A}.Release|x86.ActiveCfg = Release|Any CPU
		{738A2715-4B65-4471-BD07-ACD4052F0E8A}.Release|x86.Build.0 = Release|Any CPU
		{738A2715-4B65-4471-BD07-ACD4052F0E8A}.Release|x86.Deploy.0 = Release|Any CPU
		{A95B6B42-7752-4A1A-8680-A5B401514221}.Ad-Hoc|Any CPU.ActiveCfg = Ad-Hoc|iPhone
		{A95B6B42-7752-4A1A-8680-A5B401514221}.Ad-Hoc|ARM.ActiveCfg = Ad-Hoc|iPhone
		{A95B6B42-7752-4A1A-8680-A5B401514221}.Ad-Hoc|iPhone.ActiveCfg = Ad-Hoc|iPhone
		{A95B6B42-7752-4A1A-8680-A5B401514221}.Ad-Hoc|iPhone.Build.0 = Ad-Hoc|iPhone
		{A95B6B42-7752-4A1A-8680-A5B401514221}.Ad-Hoc|iPhoneSimulator.ActiveCfg = Ad-Hoc|iPhoneSimulator
		{A95B6B42-7752-4A1A-8680-A5B401514221}.Ad-Hoc|iPhoneSimulator.Build.0 = Ad-Hoc|iPhoneSimulator
		{A95B6B42-7752-4A1A-8680-A5B401514221}.Ad-Hoc|x64.ActiveCfg = Ad-Hoc|iPhone
		{A95B6B42-7752-4A1A-8680-A5B401514221}.Ad-Hoc|x86.ActiveCfg = Ad-Hoc|iPhone
		{A95B6B42-7752-4A1A-8680-A5B401514221}.AppStore|Any CPU.ActiveCfg = AppStore|iPhone
		{A95B6B42-7752-4A1A-8680-A5B401514221}.AppStore|ARM.ActiveCfg = AppStore|iPhone
		{A95B6B42-7752-4A1A-8680-A5B401514221}.AppStore|iPhone.ActiveCfg = AppStore|iPhone
		{A95B6B42-7752-4A1A-8680-A5B401514221}.AppStore|iPhone.Build.0 = AppStore|iPhone
		{A95B6B42-7752-4A1A-8680-A5B401514221}.AppStore|iPhoneSimulator.ActiveCfg = AppStore|iPhoneSimulator
		{A95B6B42-7752-4A1A-8680-A5B401514221}.AppStore|iPhoneSimulator.Build.0 = AppStore|iPhoneSimulator
		{A95B6B42-7752-4A1A-8680-A5B401514221}.AppStore|x64.ActiveCfg = AppStore|iPhone
		{A95B6B42-7752-4A1A-8680-A5B401514221}.AppStore|x86.ActiveCfg = AppStore|iPhone
		{A95B6B42-7752-4A1A-8680-A5B401514221}.Debug|Any CPU.ActiveCfg = Debug|iPhone
		{A95B6B42-7752-4A1A-8680-A5B401514221}.Debug|ARM.ActiveCfg = Debug|iPhone
		{A95B6B42-7752-4A1A-8680-A5B401514221}.Debug|iPhone.ActiveCfg = Debug|iPhone
		{A95B6B42-7752-4A1A-8680-A5B401514221}.Debug|iPhone.Build.0 = Debug|iPhone
		{A95B6B42-7752-4A1A-8680-A5B401514221}.Debug|iPhoneSimulator.ActiveCfg = Debug|iPhoneSimulator
		{A95B6B42-7752-4A1A-8680-A5B401514221}.Debug|iPhoneSimulator.Build.0 = Debug|iPhoneSimulator
		{A95B6B42-7752-4A1A-8680-A5B401514221}.Debug|x64.ActiveCfg = Debug|iPhone
		{A95B6B42-7752-4A1A-8680-A5B401514221}.Debug|x86.ActiveCfg = Debug|iPhone
		{A95B6B42-7752-4A1A-8680-A5B401514221}.Release|Any CPU.ActiveCfg = Release|iPhone
		{A95B6B42-7752-4A1A-8680-A5B401514221}.Release|ARM.ActiveCfg = Release|iPhone
		{A95B6B42-7752-4A1A-8680-A5B401514221}.Release|iPhone.ActiveCfg = Release|iPhone
		{A95B6B42-7752-4A1A-8680-A5B401514221}.Release|iPhone.Build.0 = Release|iPhone
		{A95B6B42-7752-4A1A-8680-A5B401514221}.Release|iPhoneSimulator.ActiveCfg = Release|iPhoneSimulator
		{A95B6B42-7752-4A1A-8680-A5B401514221}.Release|iPhoneSimulator.Build.0 = Release|iPhoneSimulator
		{A95B6B42-7752-4A1A-8680-A5B401514221}.Release|x64.ActiveCfg = Release|iPhone
		{A95B6B42-7752-4A1A-8680-A5B401514221}.Release|x86.ActiveCfg = Release|iPhone
		{0123802A-1B94-4B45-9696-8A50BFA38F2F}.Ad-Hoc|Any CPU.ActiveCfg = Release|Any CPU
		{0123802A-1B94-4B45-9696-8A50BFA38F2F}.Ad-Hoc|Any CPU.Build.0 = Release|Any CPU
		{0123802A-1B94-4B45-9696-8A50BFA38F2F}.Ad-Hoc|Any CPU.Deploy.0 = Release|Any CPU
		{0123802A-1B94-4B45-9696-8A50BFA38F2F}.Ad-Hoc|ARM.ActiveCfg = Release|ARM
		{0123802A-1B94-4B45-9696-8A50BFA38F2F}.Ad-Hoc|ARM.Build.0 = Release|ARM
		{0123802A-1B94-4B45-9696-8A50BFA38F2F}.Ad-Hoc|ARM.Deploy.0 = Release|ARM
		{0123802A-1B94-4B45-9696-8A50BFA38F2F}.Ad-Hoc|iPhone.ActiveCfg = Release|Any CPU
		{0123802A-1B94-4B45-9696-8A50BFA38F2F}.Ad-Hoc|iPhone.Build.0 = Release|Any CPU
		{0123802A-1B94-4B45-9696-8A50BFA38F2F}.Ad-Hoc|iPhone.Deploy.0 = Release|Any CPU
		{0123802A-1B94-4B45-9696-8A50BFA38F2F}.Ad-Hoc|iPhoneSimulator.ActiveCfg = Release|Any CPU
		{0123802A-1B94-4B45-9696-8A50BFA38F2F}.Ad-Hoc|iPhoneSimulator.Build.0 = Release|Any CPU
		{0123802A-1B94-4B45-9696-8A50BFA38F2F}.Ad-Hoc|iPhoneSimulator.Deploy.0 = Release|Any CPU
		{0123802A-1B94-4B45-9696-8A50BFA38F2F}.Ad-Hoc|x64.ActiveCfg = Release|Any CPU
		{0123802A-1B94-4B45-9696-8A50BFA38F2F}.Ad-Hoc|x64.Build.0 = Release|Any CPU
		{0123802A-1B94-4B45-9696-8A50BFA38F2F}.Ad-Hoc|x64.Deploy.0 = Release|Any CPU
		{0123802A-1B94-4B45-9696-8A50BFA38F2F}.Ad-Hoc|x86.ActiveCfg = Release|x86
		{0123802A-1B94-4B45-9696-8A50BFA38F2F}.Ad-Hoc|x86.Build.0 = Release|x86
		{0123802A-1B94-4B45-9696-8A50BFA38F2F}.Ad-Hoc|x86.Deploy.0 = Release|x86
		{0123802A-1B94-4B45-9696-8A50BFA38F2F}.AppStore|Any CPU.ActiveCfg = Release|Any CPU
		{0123802A-1B94-4B45-9696-8A50BFA38F2F}.AppStore|Any CPU.Build.0 = Release|Any CPU
		{0123802A-1B94-4B45-9696-8A50BFA38F2F}.AppStore|Any CPU.Deploy.0 = Release|Any CPU
		{0123802A-1B94-4B45-9696-8A50BFA38F2F}.AppStore|ARM.ActiveCfg = Release|ARM
		{0123802A-1B94-4B45-9696-8A50BFA38F2F}.AppStore|ARM.Build.0 = Release|ARM
		{0123802A-1B94-4B45-9696-8A50BFA38F2F}.AppStore|ARM.Deploy.0 = Release|ARM
		{0123802A-1B94-4B45-9696-8A50BFA38F2F}.AppStore|iPhone.ActiveCfg = Release|Any CPU
		{0123802A-1B94-4B45-9696-8A50BFA38F2F}.AppStore|iPhone.Build.0 = Release|Any CPU
		{0123802A-1B94-4B45-9696-8A50BFA38F2F}.AppStore|iPhone.Deploy.0 = Release|Any CPU
		{0123802A-1B94-4B45-9696-8A50BFA38F2F}.AppStore|iPhoneSimulator.ActiveCfg = Release|Any CPU
		{0123802A-1B94-4B45-9696-8A50BFA38F2F}.AppStore|iPhoneSimulator.Build.0 = Release|Any CPU
		{0123802A-1B94-4B45-9696-8A50BFA38F2F}.AppStore|iPhoneSimulator.Deploy.0 = Release|Any CPU
		{0123802A-1B94-4B45-9696-8A50BFA38F2F}.AppStore|x64.ActiveCfg = Release|Any CPU
		{0123802A-1B94-4B45-9696-8A50BFA38F2F}.AppStore|x64.Build.0 = Release|Any CPU
		{0123802A-1B94-4B45-9696-8A50BFA38F2F}.AppStore|x64.Deploy.0 = Release|Any CPU
		{0123802A-1B94-4B45-9696-8A50BFA38F2F}.AppStore|x86.ActiveCfg = Release|x86
		{0123802A-1B94-4B45-9696-8A50BFA38F2F}.AppStore|x86.Build.0 = Release|x86
		{0123802A-1B94-4B45-9696-8A50BFA38F2F}.AppStore|x86.Deploy.0 = Release|x86
		{0123802A-1B94-4B45-9696-8A50BFA38F2F}.Debug|Any CPU.ActiveCfg = Debug|Any CPU
		{0123802A-1B94-4B45-9696-8A50BFA38F2F}.Debug|Any CPU.Build.0 = Debug|Any CPU
		{0123802A-1B94-4B45-9696-8A50BFA38F2F}.Debug|Any CPU.Deploy.0 = Debug|Any CPU
		{0123802A-1B94-4B45-9696-8A50BFA38F2F}.Debug|ARM.ActiveCfg = Debug|ARM
		{0123802A-1B94-4B45-9696-8A50BFA38F2F}.Debug|ARM.Build.0 = Debug|ARM
		{0123802A-1B94-4B45-9696-8A50BFA38F2F}.Debug|ARM.Deploy.0 = Debug|ARM
		{0123802A-1B94-4B45-9696-8A50BFA38F2F}.Debug|iPhone.ActiveCfg = Debug|Any CPU
		{0123802A-1B94-4B45-9696-8A50BFA38F2F}.Debug|iPhone.Build.0 = Debug|Any CPU
		{0123802A-1B94-4B45-9696-8A50BFA38F2F}.Debug|iPhone.Deploy.0 = Debug|Any CPU
		{0123802A-1B94-4B45-9696-8A50BFA38F2F}.Debug|iPhoneSimulator.ActiveCfg = Debug|Any CPU
		{0123802A-1B94-4B45-9696-8A50BFA38F2F}.Debug|iPhoneSimulator.Build.0 = Debug|Any CPU
		{0123802A-1B94-4B45-9696-8A50BFA38F2F}.Debug|iPhoneSimulator.Deploy.0 = Debug|Any CPU
		{0123802A-1B94-4B45-9696-8A50BFA38F2F}.Debug|x64.ActiveCfg = Debug|Any CPU
		{0123802A-1B94-4B45-9696-8A50BFA38F2F}.Debug|x64.Build.0 = Debug|Any CPU
		{0123802A-1B94-4B45-9696-8A50BFA38F2F}.Debug|x64.Deploy.0 = Debug|Any CPU
		{0123802A-1B94-4B45-9696-8A50BFA38F2F}.Debug|x86.ActiveCfg = Debug|x86
		{0123802A-1B94-4B45-9696-8A50BFA38F2F}.Debug|x86.Build.0 = Debug|x86
		{0123802A-1B94-4B45-9696-8A50BFA38F2F}.Debug|x86.Deploy.0 = Debug|x86
		{0123802A-1B94-4B45-9696-8A50BFA38F2F}.Release|Any CPU.ActiveCfg = Release|Any CPU
		{0123802A-1B94-4B45-9696-8A50BFA38F2F}.Release|Any CPU.Build.0 = Release|Any CPU
		{0123802A-1B94-4B45-9696-8A50BFA38F2F}.Release|Any CPU.Deploy.0 = Release|Any CPU
		{0123802A-1B94-4B45-9696-8A50BFA38F2F}.Release|ARM.ActiveCfg = Release|ARM
		{0123802A-1B94-4B45-9696-8A50BFA38F2F}.Release|ARM.Build.0 = Release|ARM
		{0123802A-1B94-4B45-9696-8A50BFA38F2F}.Release|ARM.Deploy.0 = Release|ARM
		{0123802A-1B94-4B45-9696-8A50BFA38F2F}.Release|iPhone.ActiveCfg = Release|Any CPU
		{0123802A-1B94-4B45-9696-8A50BFA38F2F}.Release|iPhone.Build.0 = Release|Any CPU
		{0123802A-1B94-4B45-9696-8A50BFA38F2F}.Release|iPhone.Deploy.0 = Release|Any CPU
		{0123802A-1B94-4B45-9696-8A50BFA38F2F}.Release|iPhoneSimulator.ActiveCfg = Release|Any CPU
		{0123802A-1B94-4B45-9696-8A50BFA38F2F}.Release|iPhoneSimulator.Build.0 = Release|Any CPU
		{0123802A-1B94-4B45-9696-8A50BFA38F2F}.Release|iPhoneSimulator.Deploy.0 = Release|Any CPU
		{0123802A-1B94-4B45-9696-8A50BFA38F2F}.Release|x64.ActiveCfg = Release|Any CPU
		{0123802A-1B94-4B45-9696-8A50BFA38F2F}.Release|x64.Build.0 = Release|Any CPU
		{0123802A-1B94-4B45-9696-8A50BFA38F2F}.Release|x64.Deploy.0 = Release|Any CPU
		{0123802A-1B94-4B45-9696-8A50BFA38F2F}.Release|x86.ActiveCfg = Release|x86
		{0123802A-1B94-4B45-9696-8A50BFA38F2F}.Release|x86.Build.0 = Release|x86
		{0123802A-1B94-4B45-9696-8A50BFA38F2F}.Release|x86.Deploy.0 = Release|x86
		{E1EA22C6-9295-40CA-A8DE-258BB9717F4A}.Ad-Hoc|Any CPU.ActiveCfg = Release|x86
		{E1EA22C6-9295-40CA-A8DE-258BB9717F4A}.Ad-Hoc|Any CPU.Build.0 = Release|x86
		{E1EA22C6-9295-40CA-A8DE-258BB9717F4A}.Ad-Hoc|Any CPU.Deploy.0 = Release|x86
		{E1EA22C6-9295-40CA-A8DE-258BB9717F4A}.Ad-Hoc|ARM.ActiveCfg = Release|ARM
		{E1EA22C6-9295-40CA-A8DE-258BB9717F4A}.Ad-Hoc|ARM.Build.0 = Release|ARM
		{E1EA22C6-9295-40CA-A8DE-258BB9717F4A}.Ad-Hoc|ARM.Deploy.0 = Release|ARM
		{E1EA22C6-9295-40CA-A8DE-258BB9717F4A}.Ad-Hoc|iPhone.ActiveCfg = Release|x86
		{E1EA22C6-9295-40CA-A8DE-258BB9717F4A}.Ad-Hoc|iPhone.Build.0 = Release|x86
		{E1EA22C6-9295-40CA-A8DE-258BB9717F4A}.Ad-Hoc|iPhone.Deploy.0 = Release|x86
		{E1EA22C6-9295-40CA-A8DE-258BB9717F4A}.Ad-Hoc|iPhoneSimulator.ActiveCfg = Release|x86
		{E1EA22C6-9295-40CA-A8DE-258BB9717F4A}.Ad-Hoc|iPhoneSimulator.Build.0 = Release|x86
		{E1EA22C6-9295-40CA-A8DE-258BB9717F4A}.Ad-Hoc|iPhoneSimulator.Deploy.0 = Release|x86
		{E1EA22C6-9295-40CA-A8DE-258BB9717F4A}.Ad-Hoc|x64.ActiveCfg = Release|x64
		{E1EA22C6-9295-40CA-A8DE-258BB9717F4A}.Ad-Hoc|x64.Build.0 = Release|x64
		{E1EA22C6-9295-40CA-A8DE-258BB9717F4A}.Ad-Hoc|x64.Deploy.0 = Release|x64
		{E1EA22C6-9295-40CA-A8DE-258BB9717F4A}.Ad-Hoc|x86.ActiveCfg = Release|x86
		{E1EA22C6-9295-40CA-A8DE-258BB9717F4A}.Ad-Hoc|x86.Build.0 = Release|x86
		{E1EA22C6-9295-40CA-A8DE-258BB9717F4A}.Ad-Hoc|x86.Deploy.0 = Release|x86
		{E1EA22C6-9295-40CA-A8DE-258BB9717F4A}.AppStore|Any CPU.ActiveCfg = Release|x86
		{E1EA22C6-9295-40CA-A8DE-258BB9717F4A}.AppStore|Any CPU.Build.0 = Release|x86
		{E1EA22C6-9295-40CA-A8DE-258BB9717F4A}.AppStore|Any CPU.Deploy.0 = Release|x86
		{E1EA22C6-9295-40CA-A8DE-258BB9717F4A}.AppStore|ARM.ActiveCfg = Release|ARM
		{E1EA22C6-9295-40CA-A8DE-258BB9717F4A}.AppStore|ARM.Build.0 = Release|ARM
		{E1EA22C6-9295-40CA-A8DE-258BB9717F4A}.AppStore|ARM.Deploy.0 = Release|ARM
		{E1EA22C6-9295-40CA-A8DE-258BB9717F4A}.AppStore|iPhone.ActiveCfg = Release|x86
		{E1EA22C6-9295-40CA-A8DE-258BB9717F4A}.AppStore|iPhone.Build.0 = Release|x86
		{E1EA22C6-9295-40CA-A8DE-258BB9717F4A}.AppStore|iPhone.Deploy.0 = Release|x86
		{E1EA22C6-9295-40CA-A8DE-258BB9717F4A}.AppStore|iPhoneSimulator.ActiveCfg = Release|x86
		{E1EA22C6-9295-40CA-A8DE-258BB9717F4A}.AppStore|iPhoneSimulator.Build.0 = Release|x86
		{E1EA22C6-9295-40CA-A8DE-258BB9717F4A}.AppStore|iPhoneSimulator.Deploy.0 = Release|x86
		{E1EA22C6-9295-40CA-A8DE-258BB9717F4A}.AppStore|x64.ActiveCfg = Release|x64
		{E1EA22C6-9295-40CA-A8DE-258BB9717F4A}.AppStore|x64.Build.0 = Release|x64
		{E1EA22C6-9295-40CA-A8DE-258BB9717F4A}.AppStore|x64.Deploy.0 = Release|x64
		{E1EA22C6-9295-40CA-A8DE-258BB9717F4A}.AppStore|x86.ActiveCfg = Release|x86
		{E1EA22C6-9295-40CA-A8DE-258BB9717F4A}.AppStore|x86.Build.0 = Release|x86
		{E1EA22C6-9295-40CA-A8DE-258BB9717F4A}.AppStore|x86.Deploy.0 = Release|x86
		{E1EA22C6-9295-40CA-A8DE-258BB9717F4A}.Debug|Any CPU.ActiveCfg = Debug|x86
		{E1EA22C6-9295-40CA-A8DE-258BB9717F4A}.Debug|ARM.ActiveCfg = Debug|ARM
		{E1EA22C6-9295-40CA-A8DE-258BB9717F4A}.Debug|ARM.Build.0 = Debug|ARM
		{E1EA22C6-9295-40CA-A8DE-258BB9717F4A}.Debug|ARM.Deploy.0 = Debug|ARM
		{E1EA22C6-9295-40CA-A8DE-258BB9717F4A}.Debug|iPhone.ActiveCfg = Debug|x86
		{E1EA22C6-9295-40CA-A8DE-258BB9717F4A}.Debug|iPhoneSimulator.ActiveCfg = Debug|x86
		{E1EA22C6-9295-40CA-A8DE-258BB9717F4A}.Debug|x64.ActiveCfg = Debug|x64
		{E1EA22C6-9295-40CA-A8DE-258BB9717F4A}.Debug|x64.Build.0 = Debug|x64
		{E1EA22C6-9295-40CA-A8DE-258BB9717F4A}.Debug|x64.Deploy.0 = Debug|x64
		{E1EA22C6-9295-40CA-A8DE-258BB9717F4A}.Debug|x86.ActiveCfg = Debug|x86
		{E1EA22C6-9295-40CA-A8DE-258BB9717F4A}.Debug|x86.Build.0 = Debug|x86
		{E1EA22C6-9295-40CA-A8DE-258BB9717F4A}.Debug|x86.Deploy.0 = Debug|x86
		{E1EA22C6-9295-40CA-A8DE-258BB9717F4A}.Release|Any CPU.ActiveCfg = Release|x86
		{E1EA22C6-9295-40CA-A8DE-258BB9717F4A}.Release|ARM.ActiveCfg = Release|ARM
		{E1EA22C6-9295-40CA-A8DE-258BB9717F4A}.Release|ARM.Build.0 = Release|ARM
		{E1EA22C6-9295-40CA-A8DE-258BB9717F4A}.Release|ARM.Deploy.0 = Release|ARM
		{E1EA22C6-9295-40CA-A8DE-258BB9717F4A}.Release|iPhone.ActiveCfg = Release|x86
		{E1EA22C6-9295-40CA-A8DE-258BB9717F4A}.Release|iPhoneSimulator.ActiveCfg = Release|x86
		{E1EA22C6-9295-40CA-A8DE-258BB9717F4A}.Release|x64.ActiveCfg = Release|x64
		{E1EA22C6-9295-40CA-A8DE-258BB9717F4A}.Release|x64.Build.0 = Release|x64
		{E1EA22C6-9295-40CA-A8DE-258BB9717F4A}.Release|x64.Deploy.0 = Release|x64
		{E1EA22C6-9295-40CA-A8DE-258BB9717F4A}.Release|x86.ActiveCfg = Release|x86
		{E1EA22C6-9295-40CA-A8DE-258BB9717F4A}.Release|x86.Build.0 = Release|x86
		{E1EA22C6-9295-40CA-A8DE-258BB9717F4A}.Release|x86.Deploy.0 = Release|x86
		{E65A8B9E-DDC2-4412-9D90-D9D69655F326}.Ad-Hoc|Any CPU.ActiveCfg = Release|Any CPU
		{E65A8B9E-DDC2-4412-9D90-D9D69655F326}.Ad-Hoc|Any CPU.Build.0 = Release|Any CPU
		{E65A8B9E-DDC2-4412-9D90-D9D69655F326}.Ad-Hoc|Any CPU.Deploy.0 = Release|Any CPU
		{E65A8B9E-DDC2-4412-9D90-D9D69655F326}.Ad-Hoc|ARM.ActiveCfg = Release|ARM
		{E65A8B9E-DDC2-4412-9D90-D9D69655F326}.Ad-Hoc|ARM.Build.0 = Release|ARM
		{E65A8B9E-DDC2-4412-9D90-D9D69655F326}.Ad-Hoc|ARM.Deploy.0 = Release|ARM
		{E65A8B9E-DDC2-4412-9D90-D9D69655F326}.Ad-Hoc|iPhone.ActiveCfg = Release|Any CPU
		{E65A8B9E-DDC2-4412-9D90-D9D69655F326}.Ad-Hoc|iPhone.Build.0 = Release|Any CPU
		{E65A8B9E-DDC2-4412-9D90-D9D69655F326}.Ad-Hoc|iPhone.Deploy.0 = Release|Any CPU
		{E65A8B9E-DDC2-4412-9D90-D9D69655F326}.Ad-Hoc|iPhoneSimulator.ActiveCfg = Release|Any CPU
		{E65A8B9E-DDC2-4412-9D90-D9D69655F326}.Ad-Hoc|iPhoneSimulator.Build.0 = Release|Any CPU
		{E65A8B9E-DDC2-4412-9D90-D9D69655F326}.Ad-Hoc|iPhoneSimulator.Deploy.0 = Release|Any CPU
		{E65A8B9E-DDC2-4412-9D90-D9D69655F326}.Ad-Hoc|x64.ActiveCfg = Release|x64
		{E65A8B9E-DDC2-4412-9D90-D9D69655F326}.Ad-Hoc|x64.Build.0 = Release|x64
		{E65A8B9E-DDC2-4412-9D90-D9D69655F326}.Ad-Hoc|x64.Deploy.0 = Release|x64
		{E65A8B9E-DDC2-4412-9D90-D9D69655F326}.Ad-Hoc|x86.ActiveCfg = Release|x86
		{E65A8B9E-DDC2-4412-9D90-D9D69655F326}.Ad-Hoc|x86.Build.0 = Release|x86
		{E65A8B9E-DDC2-4412-9D90-D9D69655F326}.Ad-Hoc|x86.Deploy.0 = Release|x86
		{E65A8B9E-DDC2-4412-9D90-D9D69655F326}.AppStore|Any CPU.ActiveCfg = Release|Any CPU
		{E65A8B9E-DDC2-4412-9D90-D9D69655F326}.AppStore|Any CPU.Build.0 = Release|Any CPU
		{E65A8B9E-DDC2-4412-9D90-D9D69655F326}.AppStore|Any CPU.Deploy.0 = Release|Any CPU
		{E65A8B9E-DDC2-4412-9D90-D9D69655F326}.AppStore|ARM.ActiveCfg = Release|ARM
		{E65A8B9E-DDC2-4412-9D90-D9D69655F326}.AppStore|ARM.Build.0 = Release|ARM
		{E65A8B9E-DDC2-4412-9D90-D9D69655F326}.AppStore|ARM.Deploy.0 = Release|ARM
		{E65A8B9E-DDC2-4412-9D90-D9D69655F326}.AppStore|iPhone.ActiveCfg = Release|Any CPU
		{E65A8B9E-DDC2-4412-9D90-D9D69655F326}.AppStore|iPhone.Build.0 = Release|Any CPU
		{E65A8B9E-DDC2-4412-9D90-D9D69655F326}.AppStore|iPhone.Deploy.0 = Release|Any CPU
		{E65A8B9E-DDC2-4412-9D90-D9D69655F326}.AppStore|iPhoneSimulator.ActiveCfg = Release|Any CPU
		{E65A8B9E-DDC2-4412-9D90-D9D69655F326}.AppStore|iPhoneSimulator.Build.0 = Release|Any CPU
		{E65A8B9E-DDC2-4412-9D90-D9D69655F326}.AppStore|iPhoneSimulator.Deploy.0 = Release|Any CPU
		{E65A8B9E-DDC2-4412-9D90-D9D69655F326}.AppStore|x64.ActiveCfg = Release|x64
		{E65A8B9E-DDC2-4412-9D90-D9D69655F326}.AppStore|x64.Build.0 = Release|x64
		{E65A8B9E-DDC2-4412-9D90-D9D69655F326}.AppStore|x64.Deploy.0 = Release|x64
		{E65A8B9E-DDC2-4412-9D90-D9D69655F326}.AppStore|x86.ActiveCfg = Release|x86
		{E65A8B9E-DDC2-4412-9D90-D9D69655F326}.AppStore|x86.Build.0 = Release|x86
		{E65A8B9E-DDC2-4412-9D90-D9D69655F326}.AppStore|x86.Deploy.0 = Release|x86
		{E65A8B9E-DDC2-4412-9D90-D9D69655F326}.Debug|Any CPU.ActiveCfg = Debug|Any CPU
		{E65A8B9E-DDC2-4412-9D90-D9D69655F326}.Debug|Any CPU.Build.0 = Debug|Any CPU
		{E65A8B9E-DDC2-4412-9D90-D9D69655F326}.Debug|Any CPU.Deploy.0 = Debug|Any CPU
		{E65A8B9E-DDC2-4412-9D90-D9D69655F326}.Debug|ARM.ActiveCfg = Debug|ARM
		{E65A8B9E-DDC2-4412-9D90-D9D69655F326}.Debug|ARM.Build.0 = Debug|ARM
		{E65A8B9E-DDC2-4412-9D90-D9D69655F326}.Debug|ARM.Deploy.0 = Debug|ARM
		{E65A8B9E-DDC2-4412-9D90-D9D69655F326}.Debug|iPhone.ActiveCfg = Debug|Any CPU
		{E65A8B9E-DDC2-4412-9D90-D9D69655F326}.Debug|iPhone.Build.0 = Debug|Any CPU
		{E65A8B9E-DDC2-4412-9D90-D9D69655F326}.Debug|iPhone.Deploy.0 = Debug|Any CPU
		{E65A8B9E-DDC2-4412-9D90-D9D69655F326}.Debug|iPhoneSimulator.ActiveCfg = Debug|Any CPU
		{E65A8B9E-DDC2-4412-9D90-D9D69655F326}.Debug|iPhoneSimulator.Build.0 = Debug|Any CPU
		{E65A8B9E-DDC2-4412-9D90-D9D69655F326}.Debug|iPhoneSimulator.Deploy.0 = Debug|Any CPU
		{E65A8B9E-DDC2-4412-9D90-D9D69655F326}.Debug|x64.ActiveCfg = Debug|x64
		{E65A8B9E-DDC2-4412-9D90-D9D69655F326}.Debug|x64.Build.0 = Debug|x64
		{E65A8B9E-DDC2-4412-9D90-D9D69655F326}.Debug|x64.Deploy.0 = Debug|x64
		{E65A8B9E-DDC2-4412-9D90-D9D69655F326}.Debug|x86.ActiveCfg = Debug|x86
		{E65A8B9E-DDC2-4412-9D90-D9D69655F326}.Debug|x86.Build.0 = Debug|x86
		{E65A8B9E-DDC2-4412-9D90-D9D69655F326}.Debug|x86.Deploy.0 = Debug|x86
		{E65A8B9E-DDC2-4412-9D90-D9D69655F326}.Release|Any CPU.ActiveCfg = Release|Any CPU
		{E65A8B9E-DDC2-4412-9D90-D9D69655F326}.Release|Any CPU.Build.0 = Release|Any CPU
		{E65A8B9E-DDC2-4412-9D90-D9D69655F326}.Release|Any CPU.Deploy.0 = Release|Any CPU
		{E65A8B9E-DDC2-4412-9D90-D9D69655F326}.Release|ARM.ActiveCfg = Release|ARM
		{E65A8B9E-DDC2-4412-9D90-D9D69655F326}.Release|ARM.Build.0 = Release|ARM
		{E65A8B9E-DDC2-4412-9D90-D9D69655F326}.Release|ARM.Deploy.0 = Release|ARM
		{E65A8B9E-DDC2-4412-9D90-D9D69655F326}.Release|iPhone.ActiveCfg = Release|Any CPU
		{E65A8B9E-DDC2-4412-9D90-D9D69655F326}.Release|iPhone.Build.0 = Release|Any CPU
		{E65A8B9E-DDC2-4412-9D90-D9D69655F326}.Release|iPhone.Deploy.0 = Release|Any CPU
		{E65A8B9E-DDC2-4412-9D90-D9D69655F326}.Release|iPhoneSimulator.ActiveCfg = Release|Any CPU
		{E65A8B9E-DDC2-4412-9D90-D9D69655F326}.Release|iPhoneSimulator.Build.0 = Release|Any CPU
		{E65A8B9E-DDC2-4412-9D90-D9D69655F326}.Release|iPhoneSimulator.Deploy.0 = Release|Any CPU
		{E65A8B9E-DDC2-4412-9D90-D9D69655F326}.Release|x64.ActiveCfg = Release|x64
		{E65A8B9E-DDC2-4412-9D90-D9D69655F326}.Release|x64.Build.0 = Release|x64
		{E65A8B9E-DDC2-4412-9D90-D9D69655F326}.Release|x64.Deploy.0 = Release|x64
		{E65A8B9E-DDC2-4412-9D90-D9D69655F326}.Release|x86.ActiveCfg = Release|x86
		{E65A8B9E-DDC2-4412-9D90-D9D69655F326}.Release|x86.Build.0 = Release|x86
		{E65A8B9E-DDC2-4412-9D90-D9D69655F326}.Release|x86.Deploy.0 = Release|x86
	EndGlobalSection
	GlobalSection(SolutionProperties) = preSolution
		HideSolutionNode = FALSE
	EndGlobalSection
EndGlobal
